
Microsoft Visual Studio Solution File, Format Version 12.00
# Visual Studio Version 16
VisualStudioVersion = 16.0.30330.147
MinimumVisualStudioVersion = 10.0.40219.1
Project("{FAE04EC0-301F-11D3-BF4B-00C04F79EFBC}") = "TestVSGIT", "TestVSGIT\TestVSGIT.csproj", "{BD920861-71D2-43D7-908A-88C2A39458E7}"
EndProject
Global
	GlobalSection(SolutionConfigurationPlatforms) = preSolution
		Debug|Any CPU = Debug|Any CPU
		Release|Any CPU = Release|Any CPU
	EndGlobalSection
	GlobalSection(ProjectConfigurationPlatforms) = postSolution
		{BD920861-71D2-43D7-908A-88C2A39458E7}.Debug|Any CPU.ActiveCfg = Debug|Any CPU
		{BD920861-71D2-43D7-908A-88C2A39458E7}.Debug|Any CPU.Build.0 = Debug|Any CPU
		{BD920861-71D2-43D7-908A-88C2A39458E7}.Release|Any CPU.ActiveCfg = Release|Any CPU
		{BD920861-71D2-43D7-908A-88C2A39458E7}.Release|Any CPU.Build.0 = Release|Any CPU
	EndGlobalSection
	GlobalSection(SolutionProperties) = preSolution
		HideSolutionNode = FALSE
	EndGlobalSection
	GlobalSection(ExtensibilityGlobals) = postSolution
		SolutionGuid = {F5B3A16A-D8FC-4F27-A9A6-BD52FE4F2554}
	EndGlobalSection
EndGlobal
